
Microsoft Visual Studio Solution File, Format Version 12.00
# Visual Studio Version 16
VisualStudioVersion = 16.0.30523.141
MinimumVisualStudioVersion = 10.0.40219.1
Project("{FAE04EC0-301F-11D3-BF4B-00C04F79EFBC}") = "web_adopet.Server", "Server\web_adopet.Server.csproj", "{737F2D9E-BB9B-4585-B01F-DFBD212C2B0D}"
EndProject
Project("{FAE04EC0-301F-11D3-BF4B-00C04F79EFBC}") = "web_adopet.Client", "Client\web_adopet.Client.csproj", "{CCFD1909-BE48-4626-AAC7-E6ED4F50674C}"
EndProject
Project("{FAE04EC0-301F-11D3-BF4B-00C04F79EFBC}") = "web_adopet.Shared", "Shared\web_adopet.Shared.csproj", "{17A5DB55-AE17-4929-921E-BDD490907101}"
EndProject
Global
	GlobalSection(SolutionConfigurationPlatforms) = preSolution
		Debug|Any CPU = Debug|Any CPU
		Release|Any CPU = Release|Any CPU
	EndGlobalSection
	GlobalSection(ProjectConfigurationPlatforms) = postSolution
		{737F2D9E-BB9B-4585-B01F-DFBD212C2B0D}.Debug|Any CPU.ActiveCfg = Debug|Any CPU
		{737F2D9E-BB9B-4585-B01F-DFBD212C2B0D}.Debug|Any CPU.Build.0 = Debug|Any CPU
		{737F2D9E-BB9B-4585-B01F-DFBD212C2B0D}.Release|Any CPU.ActiveCfg = Release|Any CPU
		{737F2D9E-BB9B-4585-B01F-DFBD212C2B0D}.Release|Any CPU.Build.0 = Release|Any CPU
		{CCFD1909-BE48-4626-AAC7-E6ED4F50674C}.Debug|Any CPU.ActiveCfg = Debug|Any CPU
		{CCFD1909-BE48-4626-AAC7-E6ED4F50674C}.Debug|Any CPU.Build.0 = Debug|Any CPU
		{CCFD1909-BE48-4626-AAC7-E6ED4F50674C}.Release|Any CPU.ActiveCfg = Release|Any CPU
		{CCFD1909-BE48-4626-AAC7-E6ED4F50674C}.Release|Any CPU.Build.0 = Release|Any CPU
		{17A5DB55-AE17-4929-921E-BDD490907101}.Debug|Any CPU.ActiveCfg = Debug|Any CPU
		{17A5DB55-AE17-4929-921E-BDD490907101}.Debug|Any CPU.Build.0 = Debug|Any CPU
		{17A5DB55-AE17-4929-921E-BDD490907101}.Release|Any CPU.ActiveCfg = Release|Any CPU
		{17A5DB55-AE17-4929-921E-BDD490907101}.Release|Any CPU.Build.0 = Release|Any CPU
	EndGlobalSection
	GlobalSection(SolutionProperties) = preSolution
		HideSolutionNode = FALSE
	EndGlobalSection
	GlobalSection(ExtensibilityGlobals) = postSolution
		SolutionGuid = {71BD1D18-EECF-4A0B-A907-57B06DD02AA5}
	EndGlobalSection
EndGlobal
